// !$*UTF8*$!
{
	archiveVersion = 1;
	classes = {
	};
	objectVersion = 50;
	objects = {

/* Begin PBXBuildFile section */
		A001E547208CAE3A00E019B3 /* AppDelegate.swift in Sources */ = {isa = PBXBuildFile; fileRef = A001E546208CAE3A00E019B3 /* AppDelegate.swift */; };
		A001E54C208CAE3A00E019B3 /* Main.storyboard in Resources */ = {isa = PBXBuildFile; fileRef = A001E54A208CAE3A00E019B3 /* Main.storyboard */; };
		A001E54E208CAE3B00E019B3 /* Assets.xcassets in Resources */ = {isa = PBXBuildFile; fileRef = A001E54D208CAE3B00E019B3 /* Assets.xcassets */; };
		A001E551208CAE3B00E019B3 /* LaunchScreen.storyboard in Resources */ = {isa = PBXBuildFile; fileRef = A001E54F208CAE3B00E019B3 /* LaunchScreen.storyboard */; };
		A001E559208CAEEF00E019B3 /* Page1ViewController.swift in Sources */ = {isa = PBXBuildFile; fileRef = A001E558208CAEEF00E019B3 /* Page1ViewController.swift */; };
		A001E55B208CAEF900E019B3 /* Page2ViewController.swift in Sources */ = {isa = PBXBuildFile; fileRef = A001E55A208CAEF900E019B3 /* Page2ViewController.swift */; };
/* End PBXBuildFile section */

/* Begin PBXFileReference section */
		A001E543208CAE3A00E019B3 /* DemoUnwindSegue.app */ = {isa = PBXFileReference; explicitFileType = wrapper.application; includeInIndex = 0; path = DemoUnwindSegue.app; sourceTree = BUILT_PRODUCTS_DIR; };
		A001E546208CAE3A00E019B3 /* AppDelegate.swift */ = {isa = PBXFileReference; lastKnownFileType = sourcecode.swift; path = AppDelegate.swift; sourceTree = "<group>"; };
		A001E54B208CAE3A00E019B3 /* Base */ = {isa = PBXFileReference; lastKnownFileType = file.storyboard; name = Base; path = Base.lproj/Main.storyboard; sourceTree = "<group>"; };
		A001E54D208CAE3B00E019B3 /* Assets.xcassets */ = {isa = PBXFileReference; lastKnownFileType = folder.assetcatalog; path = Assets.xcassets; sourceTree = "<group>"; };
		A001E550208CAE3B00E019B3 /* Base */ = {isa = PBXFileReference; lastKnownFileType = file.storyboard; name = Base; path = Base.lproj/LaunchScreen.storyboard; sourceTree = "<group>"; };
		A001E552208CAE3B00E019B3 /* Info.plist */ = {isa = PBXFileReference; lastKnownFileType = text.plist.xml; path = Info.plist; sourceTree = "<group>"; };
		A001E558208CAEEF00E019B3 /* Page1ViewController.swift */ = {isa = PBXFileReference; lastKnownFileType = sourcecode.swift; path = Page1ViewController.swift; sourceTree = "<group>"; };
		A001E55A208CAEF900E019B3 /* Page2ViewController.swift */ = {isa = PBXFileReference; lastKnownFileType = sourcecode.swift; path = Page2ViewController.swift; sourceTree = "<group>"; };
/* End PBXFileReference section */

/* Begin PBXFrameworksBuildPhase section */
		A001E540208CAE3A00E019B3 /* Frameworks */ = {
			isa = PBXFrameworksBuildPhase;
			buildActionMask = 2147483647;
			files = (
			);
			runOnlyForDeploymentPostprocessing = 0;
		};
/* End PBXFrameworksBuildPhase section */

/* Begin PBXGroup section */
		A001E53A208CAE3A00E019B3 = {
			isa = PBXGroup;
			children = (
				A001E545208CAE3A00E019B3 /* DemoUnwindSegue */,
				A001E544208CAE3A00E019B3 /* Products */,
			);
			sourceTree = "<group>";
		};
		A001E544208CAE3A00E019B3 /* Products */ = {
			isa = PBXGroup;
			children = (
				A001E543208CAE3A00E019B3 /* DemoUnwindSegue.app */,
			);
			name = Products;
			sourceTree = "<group>";
		};
		A001E545208CAE3A00E019B3 /* DemoUnwindSegue */ = {
			isa = PBXGroup;
			children = (
				A001E546208CAE3A00E019B3 /* AppDelegate.swift */,
				A001E54A208CAE3A00E019B3 /* Main.storyboard */,
				A001E558208CAEEF00E019B3 /* Page1ViewController.swift */,
				A001E55A208CAEF900E019B3 /* Page2ViewController.swift */,
				A001E54D208CAE3B00E019B3 /* Assets.xcassets */,
				A001E54F208CAE3B00E019B3 /* LaunchScreen.storyboard */,
				A001E552208CAE3B00E019B3 /* Info.plist */,
			);
			path = DemoUnwindSegue;
			sourceTree = "<group>";
		};
/* End PBXGroup section */

/* Begin PBXNativeTarget section */
		A001E542208CAE3A00E019B3 /* DemoUnwindSegue */ = {
			isa = PBXNativeTarget;
			buildConfigurationList = A001E555208CAE3B00E019B3 /* Build configuration list for PBXNativeTarget "DemoUnwindSegue" */;
			buildPhases = (
				A001E53F208CAE3A00E019B3 /* Sources */,
				A001E540208CAE3A00E019B3 /* Frameworks */,
				A001E541208CAE3A00E019B3 /* Resources */,
			);
			buildRules = (
			);
			dependencies = (
			);
			name = DemoUnwindSegue;
			productName = DemoUnwindSegue;
			productReference = A001E543208CAE3A00E019B3 /* DemoUnwindSegue.app */;
			productType = "com.apple.product-type.application";
		};
/* End PBXNativeTarget section */

/* Begin PBXProject section */
		A001E53B208CAE3A00E019B3 /* Project object */ = {
			isa = PBXProject;
			attributes = {
				LastSwiftUpdateCheck = 0930;
				LastUpgradeCheck = 0930;
				ORGANIZATIONNAME = "Chao Shin";
				TargetAttributes = {
					A001E542208CAE3A00E019B3 = {
						CreatedOnToolsVersion = 9.3;
					};
				};
			};
			buildConfigurationList = A001E53E208CAE3A00E019B3 /* Build configuration list for PBXProject "DemoUnwindSegue" */;
			compatibilityVersion = "Xcode 9.3";
			developmentRegion = en;
			hasScannedForEncodings = 0;
			knownRegions = (
				en,
				Base,
			);
			mainGroup = A001E53A208CAE3A00E019B3;
			productRefGroup = A001E544208CAE3A00E019B3 /* Products */;
			projectDirPath = "";
			projectRoot = "";
			targets = (
				A001E542208CAE3A00E019B3 /* DemoUnwindSegue */,
			);
		};
/* End PBXProject section */

/* Begin PBXResourcesBuildPhase section */
		A001E541208CAE3A00E019B3 /* Resources */ = {
			isa = PBXResourcesBuildPhase;
			buildActionMask = 2147483647;
			files = (
				A001E551208CAE3B00E019B3 /* LaunchScreen.storyboard in Resources */,
				A001E54E208CAE3B00E019B3 /* Assets.xcassets in Resources */,
				A001E54C208CAE3A00E019B3 /* Main.storyboard in Resources */,
			);
			runOnlyForDeploymentPostprocessing = 0;
		};
/* End PBXResourcesBuildPhase section */

/* Begin PBXSourcesBuildPhase section */
		A001E53F208CAE3A00E019B3 /* Sources */ = {
			isa = PBXSourcesBuildPhase;
			buildActionMask = 2147483647;
			files = (
				A001E559208CAEEF00E019B3 /* Page1ViewController.swift in Sources */,
				A001E55B208CAEF900E019B3 /* Page2ViewController.swift in Sources */,
				A001E547208CAE3A00E019B3 /* AppDelegate.swift in Sources */,
			);
			runOnlyForDeploymentPostprocessing = 0;
		};
/* End PBXSourcesBuildPhase section */

/* Begin PBXVariantGroup section */
		A001E54A208CAE3A00E019B3 /* Main.storyboard */ = {
			isa = PBXVariantGroup;
			children = (
				A001E54B208CAE3A00E019B3 /* Base */,
			);
			name = Main.storyboard;
			sourceTree = "<group>";
		};
		A001E54F208CAE3B00E019B3 /* LaunchScreen.storyboard */ = {
			isa = PBXVariantGroup;
			children = (
				A001E550208CAE3B00E019B3 /* Base */,
			);
			name = LaunchScreen.storyboard;
			sourceTree = "<group>";
		};
/* End PBXVariantGroup section */

/* Begin XCBuildConfiguration section */
		A001E553208CAE3B00E019B3 /* Debug */ = {
			isa = XCBuildConfiguration;
			buildSettings = {
				ALWAYS_SEARCH_USER_PATHS = NO;
				CLANG_ANALYZER_NONNULL = YES;
				CLANG_ANALYZER_NUMBER_OBJECT_CONVERSION = YES_AGGRESSIVE;
				CLANG_CXX_LANGUAGE_STANDARD = "gnu++14";
				CLANG_CXX_LIBRARY = "libc++";
				CLANG_ENABLE_MODULES = YES;
				CLANG_ENABLE_OBJC_ARC = YES;
				CLANG_ENABLE_OBJC_WEAK = YES;
				CLANG_WARN_BLOCK_CAPTURE_AUTORELEASING = YES;
				CLANG_WARN_BOOL_CONVERSION = YES;
				CLANG_WARN_COMMA = YES;
				CLANG_WARN_CONSTANT_CONVERSION = YES;
				CLANG_WARN_DEPRECATED_OBJC_IMPLEMENTATIONS = YES;
				CLANG_WARN_DIRECT_OBJC_ISA_USAGE = YES_ERROR;
				CLANG_WARN_DOCUMENTATION_COMMENTS = YES;
				CLANG_WARN_EMPTY_BODY = YES;
				CLANG_WARN_ENUM_CONVERSION = YES;
				CLANG_WARN_INFINITE_RECURSION = YES;
				CLANG_WARN_INT_CONVERSION = YES;
				CLANG_WARN_NON_LITERAL_NULL_CONVERSION = YES;
				CLANG_WARN_OBJC_IMPLICIT_RETAIN_SELF = YES;
				CLANG_WARN_OBJC_LITERAL_CONVERSION = YES;
				CLANG_WARN_OBJC_ROOT_CLASS = YES_ERROR;
				CLANG_WARN_RANGE_LOOP_ANALYSIS = YES;
				CLANG_WARN_STRICT_PROTOTYPES = YES;
				CLANG_WARN_SUSPICIOUS_MOVE = YES;
				CLANG_WARN_UNGUARDED_AVAILABILITY = YES_AGGRESSIVE;
				CLANG_WARN_UNREACHABLE_CODE = YES;
				CLANG_WARN__DUPLICATE_METHOD_MATCH = YES;
				CODE_SIGN_IDENTITY = "iPhone Developer";
				COPY_PHASE_STRIP = NO;
				DEBUG_INFORMATION_FORMAT = dwarf;
				ENABLE_STRICT_OBJC_MSGSEND = YES;
				ENABLE_TESTABILITY = YES;
				GCC_C_LANGUAGE_STANDARD = gnu11;
				GCC_DYNAMIC_NO_PIC = NO;
				GCC_NO_COMMON_BLOCKS = YES;
				GCC_OPTIMIZATION_LEVEL = 0;
				GCC_PREPROCESSOR_DEFINITIONS = (
					"DEBUG=1",
					"$(inherited)",
				);
				GCC_WARN_64_TO_32_BIT_CONVERSION = YES;
				GCC_WARN_ABOUT_RETURN_TYPE = YES_ERROR;
				GCC_WARN_UNDECLARED_SELECTOR = YES;
				GCC_WARN_UNINITIALIZED_AUTOS = YES_AGGRESSIVE;
				GCC_WARN_UNUSED_FUNCTION = YES;
				GCC_WARN_UNUSED_VARIABLE = YES;
				IPHONEOS_DEPLOYMENT_TARGET = 11.3;
				MTL_ENABLE_DEBUG_INFO = YES;
				ONLY_ACTIVE_ARCH = YES;
				SDKROOT = iphoneos;
				SWIFT_ACTIVE_COMPILATION_CONDITIONS = DEBUG;
				SWIFT_OPTIMIZATION_LEVEL = "-Onone";
			};
			name = Debug;
		};
		A001E554208CAE3B00E019B3 /* Release */ = {
			isa = XCBuildConfiguration;
			buildSettings = {
				ALWAYS_SEARCH_USER_PATHS = NO;
				CLANG_ANALYZER_NONNULL = YES;
				CLANG_ANALYZER_NUMBER_OBJECT_CONVERSION = YES_AGGRESSIVE;
				CLANG_CXX_LANGUAGE_STANDARD = "gnu++14";
				CLANG_CXX_LIBRARY = "libc++";
				CLANG_ENABLE_MODULES = YES;
				CLANG_ENABLE_OBJC_ARC = YES;
				CLANG_ENABLE_OBJC_WEAK = YES;
				CLANG_WARN_BLOCK_CAPTURE_AUTORELEASING = YES;
				CLANG_WARN_BOOL_CONVERSION = YES;
				CLANG_WARN_COMMA = YES;
				CLANG_WARN_CONSTANT_CONVERSION = YES;
				CLANG_WARN_DEPRECATED_OBJC_IMPLEMENTATIONS = YES;
				CLANG_WARN_DIRECT_OBJC_ISA_USAGE = YES_ERROR;
				CLANG_WARN_DOCUMENTATION_COMMENTS = YES;
				CLANG_WARN_EMPTY_BODY = YES;
				CLANG_WARN_ENUM_CONVERSION = YES;
				CLANG_WARN_INFINITE_RECURSION = YES;
				CLANG_WARN_INT_CONVERSION = YES;
				CLANG_WARN_NON_LITERAL_NULL_CONVERSION = YES;
				CLANG_WARN_OBJC_IMPLICIT_RETAIN_SELF = YES;
				CLANG_WARN_OBJC_LITERAL_CONVERSION = YES;
				CLANG_WARN_OBJC_ROOT_CLASS = YES_ERROR;
				CLANG_WARN_RANGE_LOOP_ANALYSIS = YES;
				CLANG_WARN_STRICT_PROTOTYPES = YES;
				CLANG_WARN_SUSPICIOUS_MOVE = YES;
				CLANG_WARN_UNGUARDED_AVAILABILITY = YES_AGGRESSIVE;
				CLANG_WARN_UNREACHABLE_CODE = YES;
				CLANG_WARN__DUPLICATE_METHOD_MATCH = YES;
				CODE_SIGN_IDENTITY = "iPhone Developer";
				COPY_PHASE_STRIP = NO;
				DEBUG_INFORMATION_FORMAT = "dwarf-with-dsym";
				ENABLE_NS_ASSERTIONS = NO;
				ENABLE_STRICT_OBJC_MSGSEND = YES;
				GCC_C_LANGUAGE_STANDARD = gnu11;
				GCC_NO_COMMON_BLOCKS = YES;
				GCC_WARN_64_TO_32_BIT_CONVERSION = YES;
				GCC_WARN_ABOUT_RETURN_TYPE = YES_ERROR;
				GCC_WARN_UNDECLARED_SELECTOR = YES;
				GCC_WARN_UNINITIALIZED_AUTOS = YES_AGGRESSIVE;
				GCC_WARN_UNUSED_FUNCTION = YES;
				GCC_WARN_UNUSED_VARIABLE = YES;
				IPHONEOS_DEPLOYMENT_TARGET = 11.3;
				MTL_ENABLE_DEBUG_INFO = NO;
				SDKROOT = iphoneos;
				SWIFT_COMPILATION_MODE = wholemodule;
				SWIFT_OPTIMIZATION_LEVEL = "-O";
				VALIDATE_PRODUCT = YES;
			};
			name = Release;
		};
		A001E556208CAE3B00E019B3 /* Debug */ = {
			isa = XCBuildConfiguration;
			buildSettings = {
				ASSETCATALOG_COMPILER_APPICON_NAME = AppIcon;
				CODE_SIGN_STYLE = Automatic;
				INFOPLIST_FILE = DemoUnwindSegue/Info.plist;
				LD_RUNPATH_SEARCH_PATHS = (
					"$(inherited)",
					"@executable_path/Frameworks",
				);
				PRODUCT_BUNDLE_IDENTIFIER = "Dreams-Come-True.DemoUnwindSegue";
				PRODUCT_NAME = "$(TARGET_NAME)";
				SWIFT_VERSION = 4.0;
				TARGETED_DEVICE_FAMILY = "1,2";
			};
			name = Debug;
		};
		A001E557208CAE3B00E019B3 /* Release */ = {
			isa = XCBuildConfiguration;
			buildSettings = {
				ASSETCATALOG_COMPILER_APPICON_NAME = AppIcon;
				CODE_SIGN_STYLE = Automatic;
				INFOPLIST_FILE = DemoUnwindSegue/Info.plist;
				LD_RUNPATH_SEARCH_PATHS = (
					"$(inherited)",
					"@executable_path/Frameworks",
				);
				PRODUCT_BUNDLE_IDENTIFIER = "Dreams-Come-True.DemoUnwindSegue";
				PRODUCT_NAME = "$(TARGET_NAME)";
				SWIFT_VERSION = 4.0;
				TARGETED_DEVICE_FAMILY = "1,2";
			};
			name = Release;
		};
/* End XCBuildConfiguration section */

/* Begin XCConfigurationList section */
		A001E53E208CAE3A00E019B3 /* Build configuration list for PBXProject "DemoUnwindSegue" */ = {
			isa = XCConfigurationList;
			buildConfigurations = (
				A001E553208CAE3B00E019B3 /* Debug */,
				A001E554208CAE3B00E019B3 /* Release */,
			);
			defaultConfigurationIsVisible = 0;
			defaultConfigurationName = Release;
		};
		A001E555208CAE3B00E019B3 /* Build configuration list for PBXNativeTarget "DemoUnwindSegue" */ = {
			isa = XCConfigurationList;
			buildConfigurations = (
				A001E556208CAE3B00E019B3 /* Debug */,
				A001E557208CAE3B00E019B3 /* Release */,
			);
			defaultConfigurationIsVisible = 0;
			defaultConfigurationName = Release;
		};
/* End XCConfigurationList section */
	};
	rootObject = A001E53B208CAE3A00E019B3 /* Project object */;
}
